
Microsoft Visual Studio Solution File, Format Version 12.00
# Visual Studio Version 17
VisualStudioVersion = 17.5.33516.290
MinimumVisualStudioVersion = 10.0.40219.1
Project("{9A19103F-16F7-4668-BE54-9A1E7A4F7556}") = "MyCompiler", "MyCompiler\MyCompiler.csproj", "{136CA9F4-F200-40DC-AC92-378AF4EBFF14}"
EndProject
Project("{9A19103F-16F7-4668-BE54-9A1E7A4F7556}") = "MyCompiler.Tests", "MyCompiler.Tests\MyCompiler.Tests.csproj", "{66A2A585-8A35-4F64-8567-F8F8E37155F9}"
EndProject
Global
	GlobalSection(SolutionConfigurationPlatforms) = preSolution
		Debug|Any CPU = Debug|Any CPU
		Release|Any CPU = Release|Any CPU
	EndGlobalSection
	GlobalSection(ProjectConfigurationPlatforms) = postSolution
		{136CA9F4-F200-40DC-AC92-378AF4EBFF14}.Debug|Any CPU.ActiveCfg = Debug|Any CPU
		{136CA9F4-F200-40DC-AC92-378AF4EBFF14}.Debug|Any CPU.Build.0 = Debug|Any CPU
		{136CA9F4-F200-40DC-AC92-378AF4EBFF14}.Release|Any CPU.ActiveCfg = Release|Any CPU
		{136CA9F4-F200-40DC-AC92-378AF4EBFF14}.Release|Any CPU.Build.0 = Release|Any CPU
		{66A2A585-8A35-4F64-8567-F8F8E37155F9}.Debug|Any CPU.ActiveCfg = Debug|Any CPU
		{66A2A585-8A35-4F64-8567-F8F8E37155F9}.Debug|Any CPU.Build.0 = Debug|Any CPU
		{66A2A585-8A35-4F64-8567-F8F8E37155F9}.Release|Any CPU.ActiveCfg = Release|Any CPU
		{66A2A585-8A35-4F64-8567-F8F8E37155F9}.Release|Any CPU.Build.0 = Release|Any CPU
	EndGlobalSection
	GlobalSection(SolutionProperties) = preSolution
		HideSolutionNode = FALSE
	EndGlobalSection
	GlobalSection(ExtensibilityGlobals) = postSolution
		SolutionGuid = {FD603CD9-B35E-40EA-9C4B-2790B32AB425}
	EndGlobalSection
EndGlobal
